{
  "name": "default",
  "lockfileVersion": 2,
  "requires": true,
  "packages": {
    "": {
      "dependencies": {
        "@types/lodash": "^4.14.176",
        "@types/screeps": "^3.2.4"
      }
    },
    "node_modules/@types/lodash": {
      "version": "4.14.176",
      "resolved": "https://registry.npmjs.org/@types/lodash/-/lodash-4.14.176.tgz",
      "integrity": "sha512-xZmuPTa3rlZoIbtDUyJKZQimJV3bxCmzMIO2c9Pz9afyDro6kr7R79GwcB6mRhuoPmV2p1Vb66WOJH7F886WKQ=="
    },
    "node_modules/@types/screeps": {
      "version": "3.2.4",
      "resolved": "https://registry.npmjs.org/@types/screeps/-/screeps-3.2.4.tgz",
      "integrity": "sha512-itlqAHdAZ2ZkDFERy3TkmmMIisSXT7tXfEnhhl5N7xNZbNmNs/qgGfCIRchPLIFj0w5EPpj6JurKZ3vpSxaNiQ=="
    }
  },
  "dependencies": {
    "@types/lodash": {
      "version": "4.14.176",
      "resolved": "https://registry.npmjs.org/@types/lodash/-/lodash-4.14.176.tgz",
      "integrity": "sha512-xZmuPTa3rlZoIbtDUyJKZQimJV3bxCmzMIO2c9Pz9afyDro6kr7R79GwcB6mRhuoPmV2p1Vb66WOJH7F886WKQ=="
    },
    "@types/screeps": {
      "version": "3.2.4",
      "resolved": "https://registry.npmjs.org/@types/screeps/-/screeps-3.2.4.tgz",
      "integrity": "sha512-itlqAHdAZ2ZkDFERy3TkmmMIisSXT7tXfEnhhl5N7xNZbNmNs/qgGfCIRchPLIFj0w5EPpj6JurKZ3vpSxaNiQ=="
    }
  }
}
